
Microsoft Visual Studio Solution File, Format Version 12.00
# Visual Studio Version 17
VisualStudioVersion = 17.7.34202.233
MinimumVisualStudioVersion = 10.0.40219.1
Project("{00D1A9C2-B5F0-4AF3-8072-F6C62B433612}") = "Epreuve_SQL_ASP", "Epreuve_SQL_ASP\Epreuve_SQL_ASP.sqlproj", "{37F3D829-AD1C-40BF-9666-B49E52428ED9}"
EndProject
Project("{2150E333-8FDC-42A3-9474-1A3956D46DE8}") = "Epreuve", "Epreuve", "{B9F72708-6F91-4D47-856F-1B7D5A476E89}"
EndProject
Project("{2150E333-8FDC-42A3-9474-1A3956D46DE8}") = "ASP", "ASP", "{696543B1-9B30-4C8B-85DB-DB28C61BF240}"
EndProject
Project("{2150E333-8FDC-42A3-9474-1A3956D46DE8}") = "BLL", "BLL", "{A5CD734E-3173-4E62-B362-C8D2CB0B7970}"
EndProject
Project("{2150E333-8FDC-42A3-9474-1A3956D46DE8}") = "DAL", "DAL", "{97347FB9-4366-4E93-BF5C-5DD6F479DD18}"
EndProject
Project("{FAE04EC0-301F-11D3-BF4B-00C04F79EFBC}") = "BLL_Epreuve", "BLL_Epreuve\BLL_Epreuve.csproj", "{D2BA440A-8128-44C8-9549-38D254BDC09C}"
EndProject
Project("{FAE04EC0-301F-11D3-BF4B-00C04F79EFBC}") = "DAL_Epreuve", "DAL_Epreuve\DAL_Epreuve.csproj", "{A73069ED-DB85-42AF-B484-DC35D51F61AC}"
EndProject
Project("{FAE04EC0-301F-11D3-BF4B-00C04F79EFBC}") = "ASPEpreuve", "ASPEpreuve\ASPEpreuve.csproj", "{C6A084E2-93B6-4A1D-B1CD-5A8080A5A36C}"
EndProject
Project("{FAE04EC0-301F-11D3-BF4B-00C04F79EFBC}") = "Shared", "Shared\Shared.csproj", "{DEFB96D5-952E-4436-9F52-759E757571DA}"
EndProject
Global
	GlobalSection(SolutionConfigurationPlatforms) = preSolution
		Debug|Any CPU = Debug|Any CPU
		Release|Any CPU = Release|Any CPU
	EndGlobalSection
	GlobalSection(ProjectConfigurationPlatforms) = postSolution
		{37F3D829-AD1C-40BF-9666-B49E52428ED9}.Debug|Any CPU.ActiveCfg = Debug|Any CPU
		{37F3D829-AD1C-40BF-9666-B49E52428ED9}.Debug|Any CPU.Build.0 = Debug|Any CPU
		{37F3D829-AD1C-40BF-9666-B49E52428ED9}.Debug|Any CPU.Deploy.0 = Debug|Any CPU
		{37F3D829-AD1C-40BF-9666-B49E52428ED9}.Release|Any CPU.ActiveCfg = Release|Any CPU
		{37F3D829-AD1C-40BF-9666-B49E52428ED9}.Release|Any CPU.Build.0 = Release|Any CPU
		{37F3D829-AD1C-40BF-9666-B49E52428ED9}.Release|Any CPU.Deploy.0 = Release|Any CPU
		{D2BA440A-8128-44C8-9549-38D254BDC09C}.Debug|Any CPU.ActiveCfg = Debug|Any CPU
		{D2BA440A-8128-44C8-9549-38D254BDC09C}.Debug|Any CPU.Build.0 = Debug|Any CPU
		{D2BA440A-8128-44C8-9549-38D254BDC09C}.Release|Any CPU.ActiveCfg = Release|Any CPU
		{D2BA440A-8128-44C8-9549-38D254BDC09C}.Release|Any CPU.Build.0 = Release|Any CPU
		{A73069ED-DB85-42AF-B484-DC35D51F61AC}.Debug|Any CPU.ActiveCfg = Debug|Any CPU
		{A73069ED-DB85-42AF-B484-DC35D51F61AC}.Debug|Any CPU.Build.0 = Debug|Any CPU
		{A73069ED-DB85-42AF-B484-DC35D51F61AC}.Release|Any CPU.ActiveCfg = Release|Any CPU
		{A73069ED-DB85-42AF-B484-DC35D51F61AC}.Release|Any CPU.Build.0 = Release|Any CPU
		{C6A084E2-93B6-4A1D-B1CD-5A8080A5A36C}.Debug|Any CPU.ActiveCfg = Debug|Any CPU
		{C6A084E2-93B6-4A1D-B1CD-5A8080A5A36C}.Debug|Any CPU.Build.0 = Debug|Any CPU
		{C6A084E2-93B6-4A1D-B1CD-5A8080A5A36C}.Release|Any CPU.ActiveCfg = Release|Any CPU
		{C6A084E2-93B6-4A1D-B1CD-5A8080A5A36C}.Release|Any CPU.Build.0 = Release|Any CPU
		{DEFB96D5-952E-4436-9F52-759E757571DA}.Debug|Any CPU.ActiveCfg = Debug|Any CPU
		{DEFB96D5-952E-4436-9F52-759E757571DA}.Debug|Any CPU.Build.0 = Debug|Any CPU
		{DEFB96D5-952E-4436-9F52-759E757571DA}.Release|Any CPU.ActiveCfg = Release|Any CPU
		{DEFB96D5-952E-4436-9F52-759E757571DA}.Release|Any CPU.Build.0 = Release|Any CPU
	EndGlobalSection
	GlobalSection(SolutionProperties) = preSolution
		HideSolutionNode = FALSE
	EndGlobalSection
	GlobalSection(NestedProjects) = preSolution
		{696543B1-9B30-4C8B-85DB-DB28C61BF240} = {B9F72708-6F91-4D47-856F-1B7D5A476E89}
		{A5CD734E-3173-4E62-B362-C8D2CB0B7970} = {B9F72708-6F91-4D47-856F-1B7D5A476E89}
		{97347FB9-4366-4E93-BF5C-5DD6F479DD18} = {B9F72708-6F91-4D47-856F-1B7D5A476E89}
		{D2BA440A-8128-44C8-9549-38D254BDC09C} = {A5CD734E-3173-4E62-B362-C8D2CB0B7970}
		{A73069ED-DB85-42AF-B484-DC35D51F61AC} = {97347FB9-4366-4E93-BF5C-5DD6F479DD18}
		{C6A084E2-93B6-4A1D-B1CD-5A8080A5A36C} = {696543B1-9B30-4C8B-85DB-DB28C61BF240}
		{DEFB96D5-952E-4436-9F52-759E757571DA} = {B9F72708-6F91-4D47-856F-1B7D5A476E89}
	EndGlobalSection
	GlobalSection(ExtensibilityGlobals) = postSolution
		SolutionGuid = {F6D267B5-F3C4-41A2-8F16-E96E3044CCB6}
	EndGlobalSection
EndGlobal
